
Microsoft Visual Studio Solution File, Format Version 12.00
# Visual Studio Version 16
VisualStudioVersion = 16.0.29613.14
MinimumVisualStudioVersion = 10.0.40219.1
Project("{FAE04EC0-301F-11D3-BF4B-00C04F79EFBC}") = "WatherTelegramBot", "WatherTelegramBot\WatherTelegramBot.csproj", "{488FF719-42F8-4907-A6E6-58FDA4985E02}"
EndProject
Global
	GlobalSection(SolutionConfigurationPlatforms) = preSolution
		Debug|Any CPU = Debug|Any CPU
		Release|Any CPU = Release|Any CPU
	EndGlobalSection
	GlobalSection(ProjectConfigurationPlatforms) = postSolution
		{488FF719-42F8-4907-A6E6-58FDA4985E02}.Debug|Any CPU.ActiveCfg = Debug|Any CPU
		{488FF719-42F8-4907-A6E6-58FDA4985E02}.Debug|Any CPU.Build.0 = Debug|Any CPU
		{488FF719-42F8-4907-A6E6-58FDA4985E02}.Release|Any CPU.ActiveCfg = Release|Any CPU
		{488FF719-42F8-4907-A6E6-58FDA4985E02}.Release|Any CPU.Build.0 = Release|Any CPU
	EndGlobalSection
	GlobalSection(SolutionProperties) = preSolution
		HideSolutionNode = FALSE
	EndGlobalSection
	GlobalSection(ExtensibilityGlobals) = postSolution
		SolutionGuid = {D0E02ACC-A159-4326-8D61-393D029E98EC}
	EndGlobalSection
EndGlobal
