
Microsoft Visual Studio Solution File, Format Version 12.00
# Visual Studio Version 16
VisualStudioVersion = 16.0.29613.14
MinimumVisualStudioVersion = 10.0.40219.1
Project("{9A19103F-16F7-4668-BE54-9A1E7A4F7556}") = "WeatherTelegramBotConsolApp", "src\Weather\WatherTelegramBotConsolApp\WeatherTelegramBotConsolApp.csproj", "{7CBC2391-7894-4EEE-BA1D-85D2FD014C27}"
EndProject
Project("{9A19103F-16F7-4668-BE54-9A1E7A4F7556}") = "WeatherTelegramBotService", "src\Weather\WatherTelegramBotService\WeatherTelegramBotService.csproj", "{BC876FA8-5B23-4B5E-BD78-395A9B93AA64}"
EndProject
Global
	GlobalSection(SolutionConfigurationPlatforms) = preSolution
		Debug|Any CPU = Debug|Any CPU
		Release|Any CPU = Release|Any CPU
	EndGlobalSection
	GlobalSection(ProjectConfigurationPlatforms) = postSolution
		{7CBC2391-7894-4EEE-BA1D-85D2FD014C27}.Debug|Any CPU.ActiveCfg = Debug|Any CPU
		{7CBC2391-7894-4EEE-BA1D-85D2FD014C27}.Debug|Any CPU.Build.0 = Debug|Any CPU
		{7CBC2391-7894-4EEE-BA1D-85D2FD014C27}.Release|Any CPU.ActiveCfg = Release|Any CPU
		{7CBC2391-7894-4EEE-BA1D-85D2FD014C27}.Release|Any CPU.Build.0 = Release|Any CPU
		{BC876FA8-5B23-4B5E-BD78-395A9B93AA64}.Debug|Any CPU.ActiveCfg = Debug|Any CPU
		{BC876FA8-5B23-4B5E-BD78-395A9B93AA64}.Debug|Any CPU.Build.0 = Debug|Any CPU
		{BC876FA8-5B23-4B5E-BD78-395A9B93AA64}.Release|Any CPU.ActiveCfg = Release|Any CPU
		{BC876FA8-5B23-4B5E-BD78-395A9B93AA64}.Release|Any CPU.Build.0 = Release|Any CPU
	EndGlobalSection
	GlobalSection(SolutionProperties) = preSolution
		HideSolutionNode = FALSE
	EndGlobalSection
	GlobalSection(ExtensibilityGlobals) = postSolution
		SolutionGuid = {D0E02ACC-A159-4326-8D61-393D029E98EC}
	EndGlobalSection
EndGlobal
